// !$*UTF8*$!
{
	archiveVersion = 1;
	classes = {
	};
	objectVersion = 77;
	objects = {

/* Begin PBXBuildFile section */
		AF206C5F2D9E7237001544EE /* SQLite in Frameworks */ = {isa = PBXBuildFile; productRef = AF206C5E2D9E7237001544EE /* SQLite */; };
		AF33494C2D5C7413001EE9C6 /* Apollo in Frameworks */ = {isa = PBXBuildFile; productRef = AF33494B2D5C7413001EE9C6 /* Apollo */; };
		AF33494F2D5C7540001EE9C6 /* ApolloAPI in Frameworks */ = {isa = PBXBuildFile; productRef = AF33494E2D5C7540001EE9C6 /* ApolloAPI */; };
		AF3349512D5C7545001EE9C6 /* ApolloSQLite in Frameworks */ = {isa = PBXBuildFile; productRef = AF3349502D5C7545001EE9C6 /* ApolloSQLite */; };
		AF3349862D5C892B001EE9C6 /* Anilist in Frameworks */ = {isa = PBXBuildFile; productRef = AF3349852D5C892B001EE9C6 /* Anilist */; };
		AF3349892D5C895F001EE9C6 /* Anilist in Frameworks */ = {isa = PBXBuildFile; productRef = AF3349882D5C895F001EE9C6 /* Anilist */; };
		AFD6911D2D61FF9D001F8C04 /* ZIPFoundation in Frameworks */ = {isa = PBXBuildFile; productRef = AFD6911C2D61FF9D001F8C04 /* ZIPFoundation */; };
		AFD6913A2D63BD26001F8C04 /* LazyPager in Frameworks */ = {isa = PBXBuildFile; productRef = AFD691392D63BD26001F8C04 /* LazyPager */; };
		AFD691942D676713001F8C04 /* .gitignore in Resources */ = {isa = PBXBuildFile; fileRef = AFD691932D67670F001F8C04 /* .gitignore */; };
/* End PBXBuildFile section */

/* Begin PBXContainerItemProxy section */
		AF33491A2D5C5BB7001EE9C6 /* PBXContainerItemProxy */ = {
			isa = PBXContainerItemProxy;
			containerPortal = AF3348FE2D5C5BB6001EE9C6 /* Project object */;
			proxyType = 1;
			remoteGlobalIDString = AF3349052D5C5BB6001EE9C6;
			remoteInfo = riidaa;
		};
		AF3349242D5C5BB7001EE9C6 /* PBXContainerItemProxy */ = {
			isa = PBXContainerItemProxy;
			containerPortal = AF3348FE2D5C5BB6001EE9C6 /* Project object */;
			proxyType = 1;
			remoteGlobalIDString = AF3349052D5C5BB6001EE9C6;
			remoteInfo = riidaa;
		};
/* End PBXContainerItemProxy section */

/* Begin PBXFileReference section */
		AF3349062D5C5BB6001EE9C6 /* riidaa.app */ = {isa = PBXFileReference; explicitFileType = wrapper.application; includeInIndex = 0; path = riidaa.app; sourceTree = BUILT_PRODUCTS_DIR; };
		AF3349192D5C5BB7001EE9C6 /* riidaaTests.xctest */ = {isa = PBXFileReference; explicitFileType = wrapper.cfbundle; includeInIndex = 0; path = riidaaTests.xctest; sourceTree = BUILT_PRODUCTS_DIR; };
		AF3349232D5C5BB7001EE9C6 /* riidaaUITests.xctest */ = {isa = PBXFileReference; explicitFileType = wrapper.cfbundle; includeInIndex = 0; path = riidaaUITests.xctest; sourceTree = BUILT_PRODUCTS_DIR; };
		AFD690D52D61E01B001F8C04 /* CoreData.framework */ = {isa = PBXFileReference; lastKnownFileType = wrapper.framework; name = CoreData.framework; path = Platforms/iPhoneOS.platform/Developer/SDKs/iPhoneOS18.2.sdk/System/Library/Frameworks/CoreData.framework; sourceTree = DEVELOPER_DIR; };
		AFD691932D67670F001F8C04 /* .gitignore */ = {isa = PBXFileReference; lastKnownFileType = text; path = .gitignore; sourceTree = "<group>"; };
/* End PBXFileReference section */

/* Begin PBXFileSystemSynchronizedBuildFileExceptionSet section */
		AFD691342D63AAA4001F8C04 /* Exceptions for "riidaa" folder in "riidaa" target */ = {
			isa = PBXFileSystemSynchronizedBuildFileExceptionSet;
			membershipExceptions = (
				Info.plist,
			);
			target = AF3349052D5C5BB6001EE9C6 /* riidaa */;
		};
/* End PBXFileSystemSynchronizedBuildFileExceptionSet section */

/* Begin PBXFileSystemSynchronizedRootGroup section */
		AF3349082D5C5BB6001EE9C6 /* riidaa */ = {
			isa = PBXFileSystemSynchronizedRootGroup;
			exceptions = (
				AFD691342D63AAA4001F8C04 /* Exceptions for "riidaa" folder in "riidaa" target */,
			);
			path = riidaa;
			sourceTree = "<group>";
		};
		AF33491C2D5C5BB7001EE9C6 /* riidaaTests */ = {
			isa = PBXFileSystemSynchronizedRootGroup;
			path = riidaaTests;
			sourceTree = "<group>";
		};
		AF3349262D5C5BB7001EE9C6 /* riidaaUITests */ = {
			isa = PBXFileSystemSynchronizedRootGroup;
			path = riidaaUITests;
			sourceTree = "<group>";
		};
/* End PBXFileSystemSynchronizedRootGroup section */

/* Begin PBXFrameworksBuildPhase section */
		AF3349032D5C5BB6001EE9C6 /* Frameworks */ = {
			isa = PBXFrameworksBuildPhase;
			buildActionMask = 2147483647;
			files = (
				AF206C5F2D9E7237001544EE /* SQLite in Frameworks */,
				AF3349892D5C895F001EE9C6 /* Anilist in Frameworks */,
				AF33494F2D5C7540001EE9C6 /* ApolloAPI in Frameworks */,
				AF33494C2D5C7413001EE9C6 /* Apollo in Frameworks */,
				AF3349512D5C7545001EE9C6 /* ApolloSQLite in Frameworks */,
				AF3349862D5C892B001EE9C6 /* Anilist in Frameworks */,
				AFD6913A2D63BD26001F8C04 /* LazyPager in Frameworks */,
				AFD6911D2D61FF9D001F8C04 /* ZIPFoundation in Frameworks */,
			);
			runOnlyForDeploymentPostprocessing = 0;
		};
		AF3349162D5C5BB7001EE9C6 /* Frameworks */ = {
			isa = PBXFrameworksBuildPhase;
			buildActionMask = 2147483647;
			files = (
			);
			runOnlyForDeploymentPostprocessing = 0;
		};
		AF3349202D5C5BB7001EE9C6 /* Frameworks */ = {
			isa = PBXFrameworksBuildPhase;
			buildActionMask = 2147483647;
			files = (
			);
			runOnlyForDeploymentPostprocessing = 0;
		};
/* End PBXFrameworksBuildPhase section */

/* Begin PBXGroup section */
		AF3348FD2D5C5BB6001EE9C6 = {
			isa = PBXGroup;
			children = (
				AFD691932D67670F001F8C04 /* .gitignore */,
				AF3349082D5C5BB6001EE9C6 /* riidaa */,
				AF33491C2D5C5BB7001EE9C6 /* riidaaTests */,
				AF3349262D5C5BB7001EE9C6 /* riidaaUITests */,
				AFD690D42D61E01B001F8C04 /* Frameworks */,
				AF3349072D5C5BB6001EE9C6 /* Products */,
			);
			sourceTree = "<group>";
		};
		AF3349072D5C5BB6001EE9C6 /* Products */ = {
			isa = PBXGroup;
			children = (
				AF3349062D5C5BB6001EE9C6 /* riidaa.app */,
				AF3349192D5C5BB7001EE9C6 /* riidaaTests.xctest */,
				AF3349232D5C5BB7001EE9C6 /* riidaaUITests.xctest */,
			);
			name = Products;
			sourceTree = "<group>";
		};
		AFD690D42D61E01B001F8C04 /* Frameworks */ = {
			isa = PBXGroup;
			children = (
				AFD690D52D61E01B001F8C04 /* CoreData.framework */,
			);
			name = Frameworks;
			sourceTree = "<group>";
		};
/* End PBXGroup section */

/* Begin PBXNativeTarget section */
		AF3349052D5C5BB6001EE9C6 /* riidaa */ = {
			isa = PBXNativeTarget;
			buildConfigurationList = AF33492D2D5C5BB7001EE9C6 /* Build configuration list for PBXNativeTarget "riidaa" */;
			buildPhases = (
				AF3349022D5C5BB6001EE9C6 /* Sources */,
				AF3349032D5C5BB6001EE9C6 /* Frameworks */,
				AF3349042D5C5BB6001EE9C6 /* Resources */,
			);
			buildRules = (
			);
			dependencies = (
			);
			fileSystemSynchronizedGroups = (
				AF3349082D5C5BB6001EE9C6 /* riidaa */,
			);
			name = riidaa;
			packageProductDependencies = (
				AF33494B2D5C7413001EE9C6 /* Apollo */,
				AF33494E2D5C7540001EE9C6 /* ApolloAPI */,
				AF3349502D5C7545001EE9C6 /* ApolloSQLite */,
				AF3349852D5C892B001EE9C6 /* Anilist */,
				AF3349882D5C895F001EE9C6 /* Anilist */,
				AFD6911C2D61FF9D001F8C04 /* ZIPFoundation */,
				AFD691392D63BD26001F8C04 /* LazyPager */,
				AF206C5E2D9E7237001544EE /* SQLite */,
			);
			productName = riidaa;
			productReference = AF3349062D5C5BB6001EE9C6 /* riidaa.app */;
			productType = "com.apple.product-type.application";
		};
		AF3349182D5C5BB7001EE9C6 /* riidaaTests */ = {
			isa = PBXNativeTarget;
			buildConfigurationList = AF3349302D5C5BB7001EE9C6 /* Build configuration list for PBXNativeTarget "riidaaTests" */;
			buildPhases = (
				AF3349152D5C5BB7001EE9C6 /* Sources */,
				AF3349162D5C5BB7001EE9C6 /* Frameworks */,
				AF3349172D5C5BB7001EE9C6 /* Resources */,
			);
			buildRules = (
			);
			dependencies = (
				AF33491B2D5C5BB7001EE9C6 /* PBXTargetDependency */,
			);
			fileSystemSynchronizedGroups = (
				AF33491C2D5C5BB7001EE9C6 /* riidaaTests */,
			);
			name = riidaaTests;
			packageProductDependencies = (
			);
			productName = riidaaTests;
			productReference = AF3349192D5C5BB7001EE9C6 /* riidaaTests.xctest */;
			productType = "com.apple.product-type.bundle.unit-test";
		};
		AF3349222D5C5BB7001EE9C6 /* riidaaUITests */ = {
			isa = PBXNativeTarget;
			buildConfigurationList = AF3349332D5C5BB7001EE9C6 /* Build configuration list for PBXNativeTarget "riidaaUITests" */;
			buildPhases = (
				AF33491F2D5C5BB7001EE9C6 /* Sources */,
				AF3349202D5C5BB7001EE9C6 /* Frameworks */,
				AF3349212D5C5BB7001EE9C6 /* Resources */,
			);
			buildRules = (
			);
			dependencies = (
				AF3349252D5C5BB7001EE9C6 /* PBXTargetDependency */,
			);
			fileSystemSynchronizedGroups = (
				AF3349262D5C5BB7001EE9C6 /* riidaaUITests */,
			);
			name = riidaaUITests;
			packageProductDependencies = (
			);
			productName = riidaaUITests;
			productReference = AF3349232D5C5BB7001EE9C6 /* riidaaUITests.xctest */;
			productType = "com.apple.product-type.bundle.ui-testing";
		};
/* End PBXNativeTarget section */

/* Begin PBXProject section */
		AF3348FE2D5C5BB6001EE9C6 /* Project object */ = {
			isa = PBXProject;
			attributes = {
				BuildIndependentTargetsInParallel = 1;
				LastSwiftUpdateCheck = 1620;
				LastUpgradeCheck = 1620;
				TargetAttributes = {
					AF3349052D5C5BB6001EE9C6 = {
						CreatedOnToolsVersion = 16.2;
					};
					AF3349182D5C5BB7001EE9C6 = {
						CreatedOnToolsVersion = 16.2;
						TestTargetID = AF3349052D5C5BB6001EE9C6;
					};
					AF3349222D5C5BB7001EE9C6 = {
						CreatedOnToolsVersion = 16.2;
						TestTargetID = AF3349052D5C5BB6001EE9C6;
					};
				};
			};
			buildConfigurationList = AF3349012D5C5BB6001EE9C6 /* Build configuration list for PBXProject "riidaa" */;
			developmentRegion = en;
			hasScannedForEncodings = 0;
			knownRegions = (
				en,
				Base,
			);
			mainGroup = AF3348FD2D5C5BB6001EE9C6;
			minimizedProjectReferenceProxies = 1;
			packageReferences = (
				AF33494A2D5C7413001EE9C6 /* XCRemoteSwiftPackageReference "apollo-ios" */,
				AF3349872D5C895F001EE9C6 /* XCLocalSwiftPackageReference "Anilist" */,
				AFD6911B2D61FF9D001F8C04 /* XCRemoteSwiftPackageReference "ZIPFoundation" */,
				AFD691382D63BD26001F8C04 /* XCRemoteSwiftPackageReference "LazyPager" */,
				AF206C5D2D9E7237001544EE /* XCRemoteSwiftPackageReference "SQLite" */,
			);
			preferredProjectObjectVersion = 77;
			productRefGroup = AF3349072D5C5BB6001EE9C6 /* Products */;
			projectDirPath = "";
			projectRoot = "";
			targets = (
				AF3349052D5C5BB6001EE9C6 /* riidaa */,
				AF3349182D5C5BB7001EE9C6 /* riidaaTests */,
				AF3349222D5C5BB7001EE9C6 /* riidaaUITests */,
			);
		};
/* End PBXProject section */

/* Begin PBXResourcesBuildPhase section */
		AF3349042D5C5BB6001EE9C6 /* Resources */ = {
			isa = PBXResourcesBuildPhase;
			buildActionMask = 2147483647;
			files = (
				AFD691942D676713001F8C04 /* .gitignore in Resources */,
			);
			runOnlyForDeploymentPostprocessing = 0;
		};
		AF3349172D5C5BB7001EE9C6 /* Resources */ = {
			isa = PBXResourcesBuildPhase;
			buildActionMask = 2147483647;
			files = (
			);
			runOnlyForDeploymentPostprocessing = 0;
		};
		AF3349212D5C5BB7001EE9C6 /* Resources */ = {
			isa = PBXResourcesBuildPhase;
			buildActionMask = 2147483647;
			files = (
			);
			runOnlyForDeploymentPostprocessing = 0;
		};
/* End PBXResourcesBuildPhase section */

/* Begin PBXSourcesBuildPhase section */
		AF3349022D5C5BB6001EE9C6 /* Sources */ = {
			isa = PBXSourcesBuildPhase;
			buildActionMask = 2147483647;
			files = (
			);
			runOnlyForDeploymentPostprocessing = 0;
		};
		AF3349152D5C5BB7001EE9C6 /* Sources */ = {
			isa = PBXSourcesBuildPhase;
			buildActionMask = 2147483647;
			files = (
			);
			runOnlyForDeploymentPostprocessing = 0;
		};
		AF33491F2D5C5BB7001EE9C6 /* Sources */ = {
			isa = PBXSourcesBuildPhase;
			buildActionMask = 2147483647;
			files = (
			);
			runOnlyForDeploymentPostprocessing = 0;
		};
/* End PBXSourcesBuildPhase section */

/* Begin PBXTargetDependency section */
		AF33491B2D5C5BB7001EE9C6 /* PBXTargetDependency */ = {
			isa = PBXTargetDependency;
			target = AF3349052D5C5BB6001EE9C6 /* riidaa */;
			targetProxy = AF33491A2D5C5BB7001EE9C6 /* PBXContainerItemProxy */;
		};
		AF3349252D5C5BB7001EE9C6 /* PBXTargetDependency */ = {
			isa = PBXTargetDependency;
			target = AF3349052D5C5BB6001EE9C6 /* riidaa */;
			targetProxy = AF3349242D5C5BB7001EE9C6 /* PBXContainerItemProxy */;
		};
/* End PBXTargetDependency section */

/* Begin XCBuildConfiguration section */
		AF33492B2D5C5BB7001EE9C6 /* Debug */ = {
			isa = XCBuildConfiguration;
			buildSettings = {
				ALWAYS_SEARCH_USER_PATHS = NO;
				ASSETCATALOG_COMPILER_GENERATE_SWIFT_ASSET_SYMBOL_EXTENSIONS = YES;
				CLANG_ANALYZER_NONNULL = YES;
				CLANG_ANALYZER_NUMBER_OBJECT_CONVERSION = YES_AGGRESSIVE;
				CLANG_CXX_LANGUAGE_STANDARD = "gnu++20";
				CLANG_ENABLE_MODULES = YES;
				CLANG_ENABLE_OBJC_ARC = YES;
				CLANG_ENABLE_OBJC_WEAK = YES;
				CLANG_WARN_BLOCK_CAPTURE_AUTORELEASING = YES;
				CLANG_WARN_BOOL_CONVERSION = YES;
				CLANG_WARN_COMMA = YES;
				CLANG_WARN_CONSTANT_CONVERSION = YES;
				CLANG_WARN_DEPRECATED_OBJC_IMPLEMENTATIONS = YES;
				CLANG_WARN_DIRECT_OBJC_ISA_USAGE = YES_ERROR;
				CLANG_WARN_DOCUMENTATION_COMMENTS = YES;
				CLANG_WARN_EMPTY_BODY = YES;
				CLANG_WARN_ENUM_CONVERSION = YES;
				CLANG_WARN_INFINITE_RECURSION = YES;
				CLANG_WARN_INT_CONVERSION = YES;
				CLANG_WARN_NON_LITERAL_NULL_CONVERSION = YES;
				CLANG_WARN_OBJC_IMPLICIT_RETAIN_SELF = YES;
				CLANG_WARN_OBJC_LITERAL_CONVERSION = YES;
				CLANG_WARN_OBJC_ROOT_CLASS = YES_ERROR;
				CLANG_WARN_QUOTED_INCLUDE_IN_FRAMEWORK_HEADER = YES;
				CLANG_WARN_RANGE_LOOP_ANALYSIS = YES;
				CLANG_WARN_STRICT_PROTOTYPES = YES;
				CLANG_WARN_SUSPICIOUS_MOVE = YES;
				CLANG_WARN_UNGUARDED_AVAILABILITY = YES_AGGRESSIVE;
				CLANG_WARN_UNREACHABLE_CODE = YES;
				CLANG_WARN__DUPLICATE_METHOD_MATCH = YES;
				COPY_PHASE_STRIP = NO;
				DEBUG_INFORMATION_FORMAT = dwarf;
				ENABLE_STRICT_OBJC_MSGSEND = YES;
				ENABLE_TESTABILITY = YES;
				ENABLE_USER_SCRIPT_SANDBOXING = YES;
				GCC_C_LANGUAGE_STANDARD = gnu17;
				GCC_DYNAMIC_NO_PIC = NO;
				GCC_NO_COMMON_BLOCKS = YES;
				GCC_OPTIMIZATION_LEVEL = 0;
				GCC_PREPROCESSOR_DEFINITIONS = (
					"DEBUG=1",
					"$(inherited)",
				);
				GCC_WARN_64_TO_32_BIT_CONVERSION = YES;
				GCC_WARN_ABOUT_RETURN_TYPE = YES_ERROR;
				GCC_WARN_UNDECLARED_SELECTOR = YES;
				GCC_WARN_UNINITIALIZED_AUTOS = YES_AGGRESSIVE;
				GCC_WARN_UNUSED_FUNCTION = YES;
				GCC_WARN_UNUSED_VARIABLE = YES;
				LOCALIZATION_PREFERS_STRING_CATALOGS = YES;
				MTL_ENABLE_DEBUG_INFO = INCLUDE_SOURCE;
				MTL_FAST_MATH = YES;
				ONLY_ACTIVE_ARCH = YES;
				SWIFT_ACTIVE_COMPILATION_CONDITIONS = "DEBUG $(inherited)";
				SWIFT_OPTIMIZATION_LEVEL = "-Onone";
			};
			name = Debug;
		};
		AF33492C2D5C5BB7001EE9C6 /* Release */ = {
			isa = XCBuildConfiguration;
			buildSettings = {
				ALWAYS_SEARCH_USER_PATHS = NO;
				ASSETCATALOG_COMPILER_GENERATE_SWIFT_ASSET_SYMBOL_EXTENSIONS = YES;
				CLANG_ANALYZER_NONNULL = YES;
				CLANG_ANALYZER_NUMBER_OBJECT_CONVERSION = YES_AGGRESSIVE;
				CLANG_CXX_LANGUAGE_STANDARD = "gnu++20";
				CLANG_ENABLE_MODULES = YES;
				CLANG_ENABLE_OBJC_ARC = YES;
				CLANG_ENABLE_OBJC_WEAK = YES;
				CLANG_WARN_BLOCK_CAPTURE_AUTORELEASING = YES;
				CLANG_WARN_BOOL_CONVERSION = YES;
				CLANG_WARN_COMMA = YES;
				CLANG_WARN_CONSTANT_CONVERSION = YES;
				CLANG_WARN_DEPRECATED_OBJC_IMPLEMENTATIONS = YES;
				CLANG_WARN_DIRECT_OBJC_ISA_USAGE = YES_ERROR;
				CLANG_WARN_DOCUMENTATION_COMMENTS = YES;
				CLANG_WARN_EMPTY_BODY = YES;
				CLANG_WARN_ENUM_CONVERSION = YES;
				CLANG_WARN_INFINITE_RECURSION = YES;
				CLANG_WARN_INT_CONVERSION = YES;
				CLANG_WARN_NON_LITERAL_NULL_CONVERSION = YES;
				CLANG_WARN_OBJC_IMPLICIT_RETAIN_SELF = YES;
				CLANG_WARN_OBJC_LITERAL_CONVERSION = YES;
				CLANG_WARN_OBJC_ROOT_CLASS = YES_ERROR;
				CLANG_WARN_QUOTED_INCLUDE_IN_FRAMEWORK_HEADER = YES;
				CLANG_WARN_RANGE_LOOP_ANALYSIS = YES;
				CLANG_WARN_STRICT_PROTOTYPES = YES;
				CLANG_WARN_SUSPICIOUS_MOVE = YES;
				CLANG_WARN_UNGUARDED_AVAILABILITY = YES_AGGRESSIVE;
				CLANG_WARN_UNREACHABLE_CODE = YES;
				CLANG_WARN__DUPLICATE_METHOD_MATCH = YES;
				COPY_PHASE_STRIP = NO;
				DEBUG_INFORMATION_FORMAT = "dwarf-with-dsym";
				ENABLE_NS_ASSERTIONS = NO;
				ENABLE_STRICT_OBJC_MSGSEND = YES;
				ENABLE_USER_SCRIPT_SANDBOXING = YES;
				GCC_C_LANGUAGE_STANDARD = gnu17;
				GCC_NO_COMMON_BLOCKS = YES;
				GCC_OPTIMIZATION_LEVEL = s;
				GCC_WARN_64_TO_32_BIT_CONVERSION = YES;
				GCC_WARN_ABOUT_RETURN_TYPE = YES_ERROR;
				GCC_WARN_UNDECLARED_SELECTOR = YES;
				GCC_WARN_UNINITIALIZED_AUTOS = YES_AGGRESSIVE;
				GCC_WARN_UNUSED_FUNCTION = YES;
				GCC_WARN_UNUSED_VARIABLE = YES;
				LOCALIZATION_PREFERS_STRING_CATALOGS = YES;
				MTL_ENABLE_DEBUG_INFO = NO;
				MTL_FAST_MATH = YES;
				SWIFT_ACTIVE_COMPILATION_CONDITIONS = "";
				SWIFT_COMPILATION_MODE = wholemodule;
				SWIFT_OPTIMIZATION_LEVEL = "-O";
			};
			name = Release;
		};
		AF33492E2D5C5BB7001EE9C6 /* Debug */ = {
			isa = XCBuildConfiguration;
			buildSettings = {
				ASSETCATALOG_COMPILER_APPICON_NAME = AppIcon;
				ASSETCATALOG_COMPILER_GLOBAL_ACCENT_COLOR_NAME = AccentColor;
				CODE_SIGN_ENTITLEMENTS = riidaa/riidaa.entitlements;
				CODE_SIGN_STYLE = Automatic;
				CURRENT_PROJECT_VERSION = 2;
				DEVELOPMENT_ASSET_PATHS = "\"riidaa/Preview Content\"";
				DEVELOPMENT_TEAM = 9P82RQ6Q6W;
				ENABLE_HARDENED_RUNTIME = YES;
				ENABLE_PREVIEWS = YES;
				GENERATE_INFOPLIST_FILE = YES;
				INFOPLIST_FILE = riidaa/Info.plist;
				INFOPLIST_KEY_CFBundleDisplayName = "自分のリーダー";
				INFOPLIST_KEY_LSApplicationCategoryType = "public.app-category.education";
				INFOPLIST_KEY_LSSupportsOpeningDocumentsInPlace = YES;
				"INFOPLIST_KEY_UIApplicationSceneManifest_Generation[sdk=iphoneos*]" = YES;
				"INFOPLIST_KEY_UIApplicationSceneManifest_Generation[sdk=iphonesimulator*]" = YES;
				"INFOPLIST_KEY_UIApplicationSupportsIndirectInputEvents[sdk=iphoneos*]" = YES;
				"INFOPLIST_KEY_UIApplicationSupportsIndirectInputEvents[sdk=iphonesimulator*]" = YES;
				"INFOPLIST_KEY_UILaunchScreen_Generation[sdk=iphoneos*]" = YES;
				"INFOPLIST_KEY_UILaunchScreen_Generation[sdk=iphonesimulator*]" = YES;
				"INFOPLIST_KEY_UIStatusBarStyle[sdk=iphoneos*]" = UIStatusBarStyleDefault;
				"INFOPLIST_KEY_UIStatusBarStyle[sdk=iphonesimulator*]" = UIStatusBarStyleDefault;
				INFOPLIST_KEY_UISupportedInterfaceOrientations_iPad = "UIInterfaceOrientationPortrait UIInterfaceOrientationPortraitUpsideDown UIInterfaceOrientationLandscapeLeft UIInterfaceOrientationLandscapeRight";
				INFOPLIST_KEY_UISupportedInterfaceOrientations_iPhone = "UIInterfaceOrientationPortrait UIInterfaceOrientationLandscapeLeft UIInterfaceOrientationLandscapeRight";
				IPHONEOS_DEPLOYMENT_TARGET = 16.0;
				LD_RUNPATH_SEARCH_PATHS = "@executable_path/Frameworks";
				"LD_RUNPATH_SEARCH_PATHS[sdk=macosx*]" = "@executable_path/../Frameworks";
				MACOSX_DEPLOYMENT_TARGET = 14.0;
				MARKETING_VERSION = 0.8.1;
				PRODUCT_BUNDLE_IDENTIFIER = com.phip702.riidaa;
				PRODUCT_NAME = "${TARGET_NAME}";
				SDKROOT = auto;
				SUPPORTED_PLATFORMS = "iphoneos iphonesimulator macosx xros xrsimulator";
				SWIFT_EMIT_LOC_STRINGS = YES;
				SWIFT_VERSION = 5.0;
				TARGETED_DEVICE_FAMILY = "1,2,7";
				XROS_DEPLOYMENT_TARGET = 2.2;
			};
			name = Debug;
		};
		AF33492F2D5C5BB7001EE9C6 /* Release */ = {
			isa = XCBuildConfiguration;
			buildSettings = {
				ASSETCATALOG_COMPILER_APPICON_NAME = AppIcon;
				ASSETCATALOG_COMPILER_GLOBAL_ACCENT_COLOR_NAME = AccentColor;
				CODE_SIGN_ENTITLEMENTS = riidaa/riidaa.entitlements;
				CODE_SIGN_STYLE = Automatic;
				CURRENT_PROJECT_VERSION = 2;
				DEVELOPMENT_ASSET_PATHS = "\"riidaa/Preview Content\"";
				DEVELOPMENT_TEAM = 9P82RQ6Q6W;
				ENABLE_HARDENED_RUNTIME = YES;
				ENABLE_PREVIEWS = YES;
				GENERATE_INFOPLIST_FILE = YES;
				INFOPLIST_FILE = riidaa/Info.plist;
				INFOPLIST_KEY_CFBundleDisplayName = "自分のリーダー";
				INFOPLIST_KEY_LSApplicationCategoryType = "public.app-category.education";
				INFOPLIST_KEY_LSSupportsOpeningDocumentsInPlace = YES;
				"INFOPLIST_KEY_UIApplicationSceneManifest_Generation[sdk=iphoneos*]" = YES;
				"INFOPLIST_KEY_UIApplicationSceneManifest_Generation[sdk=iphonesimulator*]" = YES;
				"INFOPLIST_KEY_UIApplicationSupportsIndirectInputEvents[sdk=iphoneos*]" = YES;
				"INFOPLIST_KEY_UIApplicationSupportsIndirectInputEvents[sdk=iphonesimulator*]" = YES;
				"INFOPLIST_KEY_UILaunchScreen_Generation[sdk=iphoneos*]" = YES;
				"INFOPLIST_KEY_UILaunchScreen_Generation[sdk=iphonesimulator*]" = YES;
				"INFOPLIST_KEY_UIStatusBarStyle[sdk=iphoneos*]" = UIStatusBarStyleDefault;
				"INFOPLIST_KEY_UIStatusBarStyle[sdk=iphonesimulator*]" = UIStatusBarStyleDefault;
				INFOPLIST_KEY_UISupportedInterfaceOrientations_iPad = "UIInterfaceOrientationPortrait UIInterfaceOrientationPortraitUpsideDown UIInterfaceOrientationLandscapeLeft UIInterfaceOrientationLandscapeRight";
				INFOPLIST_KEY_UISupportedInterfaceOrientations_iPhone = "UIInterfaceOrientationPortrait UIInterfaceOrientationLandscapeLeft UIInterfaceOrientationLandscapeRight";
				IPHONEOS_DEPLOYMENT_TARGET = 16.0;
				LD_RUNPATH_SEARCH_PATHS = "@executable_path/Frameworks";
				"LD_RUNPATH_SEARCH_PATHS[sdk=macosx*]" = "@executable_path/../Frameworks";
				MACOSX_DEPLOYMENT_TARGET = 14.0;
				MARKETING_VERSION = 0.8.1;
				PRODUCT_BUNDLE_IDENTIFIER = com.phip702.riidaa;
				PRODUCT_NAME = "${TARGET_NAME}";
				SDKROOT = auto;
				SUPPORTED_PLATFORMS = "iphoneos iphonesimulator macosx xros xrsimulator";
				SWIFT_EMIT_LOC_STRINGS = YES;
				SWIFT_VERSION = 5.0;
				TARGETED_DEVICE_FAMILY = "1,2,7";
				XROS_DEPLOYMENT_TARGET = 2.2;
			};
			name = Release;
		};
		AF3349312D5C5BB7001EE9C6 /* Debug */ = {
			isa = XCBuildConfiguration;
			buildSettings = {
				BUNDLE_LOADER = "$(TEST_HOST)";
				CODE_SIGN_STYLE = Automatic;
				CURRENT_PROJECT_VERSION = 1;
				DEVELOPMENT_TEAM = L495W8F758;
				GENERATE_INFOPLIST_FILE = YES;
				IPHONEOS_DEPLOYMENT_TARGET = 16.0;
				MACOSX_DEPLOYMENT_TARGET = 15.1;
				MARKETING_VERSION = 1.0;
				PRODUCT_BUNDLE_IDENTIFIER = dev.repierre.riidaaTests;
				PRODUCT_NAME = "$(TARGET_NAME)";
				SDKROOT = auto;
				SUPPORTED_PLATFORMS = "iphoneos iphonesimulator macosx xros xrsimulator";
				SWIFT_EMIT_LOC_STRINGS = NO;
				SWIFT_VERSION = 5.0;
				TARGETED_DEVICE_FAMILY = "1,2,7";
				TEST_HOST = "$(BUILT_PRODUCTS_DIR)/riidaa.app/$(BUNDLE_EXECUTABLE_FOLDER_PATH)/riidaa";
				XROS_DEPLOYMENT_TARGET = 2.2;
			};
			name = Debug;
		};
		AF3349322D5C5BB7001EE9C6 /* Release */ = {
			isa = XCBuildConfiguration;
			buildSettings = {
				BUNDLE_LOADER = "$(TEST_HOST)";
				CODE_SIGN_STYLE = Automatic;
				CURRENT_PROJECT_VERSION = 1;
				DEVELOPMENT_TEAM = L495W8F758;
				GENERATE_INFOPLIST_FILE = YES;
				IPHONEOS_DEPLOYMENT_TARGET = 16.0;
				MACOSX_DEPLOYMENT_TARGET = 15.1;
				MARKETING_VERSION = 1.0;
				PRODUCT_BUNDLE_IDENTIFIER = dev.repierre.riidaaTests;
				PRODUCT_NAME = "$(TARGET_NAME)";
				SDKROOT = auto;
				SUPPORTED_PLATFORMS = "iphoneos iphonesimulator macosx xros xrsimulator";
				SWIFT_EMIT_LOC_STRINGS = NO;
				SWIFT_VERSION = 5.0;
				TARGETED_DEVICE_FAMILY = "1,2,7";
				TEST_HOST = "$(BUILT_PRODUCTS_DIR)/riidaa.app/$(BUNDLE_EXECUTABLE_FOLDER_PATH)/riidaa";
				XROS_DEPLOYMENT_TARGET = 2.2;
			};
			name = Release;
		};
		AF3349342D5C5BB7001EE9C6 /* Debug */ = {
			isa = XCBuildConfiguration;
			buildSettings = {
				CODE_SIGN_STYLE = Automatic;
				CURRENT_PROJECT_VERSION = 1;
				DEVELOPMENT_TEAM = L495W8F758;
				GENERATE_INFOPLIST_FILE = YES;
				IPHONEOS_DEPLOYMENT_TARGET = 16.0;
				MACOSX_DEPLOYMENT_TARGET = 15.1;
				MARKETING_VERSION = 1.0;
				PRODUCT_BUNDLE_IDENTIFIER = dev.repierre.riidaaUITests;
				PRODUCT_NAME = "$(TARGET_NAME)";
				SDKROOT = auto;
				SUPPORTED_PLATFORMS = "iphoneos iphonesimulator macosx xros xrsimulator";
				SWIFT_EMIT_LOC_STRINGS = NO;
				SWIFT_VERSION = 5.0;
				TARGETED_DEVICE_FAMILY = "1,2,7";
				TEST_TARGET_NAME = riidaa;
				XROS_DEPLOYMENT_TARGET = 2.2;
			};
			name = Debug;
		};
		AF3349352D5C5BB7001EE9C6 /* Release */ = {
			isa = XCBuildConfiguration;
			buildSettings = {
				CODE_SIGN_STYLE = Automatic;
				CURRENT_PROJECT_VERSION = 1;
				DEVELOPMENT_TEAM = L495W8F758;
				GENERATE_INFOPLIST_FILE = YES;
				IPHONEOS_DEPLOYMENT_TARGET = 16.0;
				MACOSX_DEPLOYMENT_TARGET = 15.1;
				MARKETING_VERSION = 1.0;
				PRODUCT_BUNDLE_IDENTIFIER = dev.repierre.riidaaUITests;
				PRODUCT_NAME = "$(TARGET_NAME)";
				SDKROOT = auto;
				SUPPORTED_PLATFORMS = "iphoneos iphonesimulator macosx xros xrsimulator";
				SWIFT_EMIT_LOC_STRINGS = NO;
				SWIFT_VERSION = 5.0;
				TARGETED_DEVICE_FAMILY = "1,2,7";
				TEST_TARGET_NAME = riidaa;
				XROS_DEPLOYMENT_TARGET = 2.2;
			};
			name = Release;
		};
		AF5D3BB12E151C540050C5C3 /* Appstore */ = {
			isa = XCBuildConfiguration;
			buildSettings = {
				ALWAYS_SEARCH_USER_PATHS = NO;
				ASSETCATALOG_COMPILER_GENERATE_SWIFT_ASSET_SYMBOL_EXTENSIONS = YES;
				CLANG_ANALYZER_NONNULL = YES;
				CLANG_ANALYZER_NUMBER_OBJECT_CONVERSION = YES_AGGRESSIVE;
				CLANG_CXX_LANGUAGE_STANDARD = "gnu++20";
				CLANG_ENABLE_MODULES = YES;
				CLANG_ENABLE_OBJC_ARC = YES;
				CLANG_ENABLE_OBJC_WEAK = YES;
				CLANG_WARN_BLOCK_CAPTURE_AUTORELEASING = YES;
				CLANG_WARN_BOOL_CONVERSION = YES;
				CLANG_WARN_COMMA = YES;
				CLANG_WARN_CONSTANT_CONVERSION = YES;
				CLANG_WARN_DEPRECATED_OBJC_IMPLEMENTATIONS = YES;
				CLANG_WARN_DIRECT_OBJC_ISA_USAGE = YES_ERROR;
				CLANG_WARN_DOCUMENTATION_COMMENTS = YES;
				CLANG_WARN_EMPTY_BODY = YES;
				CLANG_WARN_ENUM_CONVERSION = YES;
				CLANG_WARN_INFINITE_RECURSION = YES;
				CLANG_WARN_INT_CONVERSION = YES;
				CLANG_WARN_NON_LITERAL_NULL_CONVERSION = YES;
				CLANG_WARN_OBJC_IMPLICIT_RETAIN_SELF = YES;
				CLANG_WARN_OBJC_LITERAL_CONVERSION = YES;
				CLANG_WARN_OBJC_ROOT_CLASS = YES_ERROR;
				CLANG_WARN_QUOTED_INCLUDE_IN_FRAMEWORK_HEADER = YES;
				CLANG_WARN_RANGE_LOOP_ANALYSIS = YES;
				CLANG_WARN_STRICT_PROTOTYPES = YES;
				CLANG_WARN_SUSPICIOUS_MOVE = YES;
				CLANG_WARN_UNGUARDED_AVAILABILITY = YES_AGGRESSIVE;
				CLANG_WARN_UNREACHABLE_CODE = YES;
				CLANG_WARN__DUPLICATE_METHOD_MATCH = YES;
				COPY_PHASE_STRIP = NO;
				DEBUG_INFORMATION_FORMAT = "dwarf-with-dsym";
				ENABLE_NS_ASSERTIONS = NO;
				ENABLE_STRICT_OBJC_MSGSEND = YES;
				ENABLE_USER_SCRIPT_SANDBOXING = YES;
				GCC_C_LANGUAGE_STANDARD = gnu17;
				GCC_NO_COMMON_BLOCKS = YES;
				GCC_OPTIMIZATION_LEVEL = s;
				GCC_WARN_64_TO_32_BIT_CONVERSION = YES;
				GCC_WARN_ABOUT_RETURN_TYPE = YES_ERROR;
				GCC_WARN_UNDECLARED_SELECTOR = YES;
				GCC_WARN_UNINITIALIZED_AUTOS = YES_AGGRESSIVE;
				GCC_WARN_UNUSED_FUNCTION = YES;
				GCC_WARN_UNUSED_VARIABLE = YES;
				LOCALIZATION_PREFERS_STRING_CATALOGS = YES;
				MTL_ENABLE_DEBUG_INFO = NO;
				MTL_FAST_MATH = YES;
				SWIFT_ACTIVE_COMPILATION_CONDITIONS = APPSTORE;
				SWIFT_COMPILATION_MODE = wholemodule;
				SWIFT_OPTIMIZATION_LEVEL = "-O";
			};
			name = Appstore;
		};
		AF5D3BB22E151C540050C5C3 /* Appstore */ = {
			isa = XCBuildConfiguration;
			buildSettings = {
				ASSETCATALOG_COMPILER_APPICON_NAME = AppIcon;
				ASSETCATALOG_COMPILER_GLOBAL_ACCENT_COLOR_NAME = AccentColor;
				CODE_SIGN_ENTITLEMENTS = riidaa/riidaa.entitlements;
				CODE_SIGN_STYLE = Automatic;
				CURRENT_PROJECT_VERSION = 2;
				DEVELOPMENT_ASSET_PATHS = "\"riidaa/Preview Content\"";
				DEVELOPMENT_TEAM = 9P82RQ6Q6W;
				ENABLE_HARDENED_RUNTIME = YES;
				ENABLE_PREVIEWS = YES;
				GENERATE_INFOPLIST_FILE = YES;
				INFOPLIST_FILE = riidaa/Info.plist;
				INFOPLIST_KEY_CFBundleDisplayName = "自分のリーダー";
				INFOPLIST_KEY_LSApplicationCategoryType = "public.app-category.education";
				INFOPLIST_KEY_LSSupportsOpeningDocumentsInPlace = YES;
				"INFOPLIST_KEY_UIApplicationSceneManifest_Generation[sdk=iphoneos*]" = YES;
				"INFOPLIST_KEY_UIApplicationSceneManifest_Generation[sdk=iphonesimulator*]" = YES;
				"INFOPLIST_KEY_UIApplicationSupportsIndirectInputEvents[sdk=iphoneos*]" = YES;
				"INFOPLIST_KEY_UIApplicationSupportsIndirectInputEvents[sdk=iphonesimulator*]" = YES;
				"INFOPLIST_KEY_UILaunchScreen_Generation[sdk=iphoneos*]" = YES;
				"INFOPLIST_KEY_UILaunchScreen_Generation[sdk=iphonesimulator*]" = YES;
				"INFOPLIST_KEY_UIStatusBarStyle[sdk=iphoneos*]" = UIStatusBarStyleDefault;
				"INFOPLIST_KEY_UIStatusBarStyle[sdk=iphonesimulator*]" = UIStatusBarStyleDefault;
				INFOPLIST_KEY_UISupportedInterfaceOrientations_iPad = "UIInterfaceOrientationPortrait UIInterfaceOrientationPortraitUpsideDown UIInterfaceOrientationLandscapeLeft UIInterfaceOrientationLandscapeRight";
				INFOPLIST_KEY_UISupportedInterfaceOrientations_iPhone = "UIInterfaceOrientationPortrait UIInterfaceOrientationLandscapeLeft UIInterfaceOrientationLandscapeRight";
				IPHONEOS_DEPLOYMENT_TARGET = 16.0;
				LD_RUNPATH_SEARCH_PATHS = "@executable_path/Frameworks";
				"LD_RUNPATH_SEARCH_PATHS[sdk=macosx*]" = "@executable_path/../Frameworks";
				MACOSX_DEPLOYMENT_TARGET = 14.0;
				MARKETING_VERSION = 0.8.1;
				PRODUCT_BUNDLE_IDENTIFIER = com.phip702.riidaa;
				PRODUCT_NAME = "${TARGET_NAME}";
				SDKROOT = auto;
				SUPPORTED_PLATFORMS = "iphoneos iphonesimulator macosx xros xrsimulator";
				SWIFT_EMIT_LOC_STRINGS = YES;
				SWIFT_VERSION = 5.0;
				TARGETED_DEVICE_FAMILY = "1,2,7";
				XROS_DEPLOYMENT_TARGET = 2.2;
			};
			name = Appstore;
		};
		AF5D3BB32E151C540050C5C3 /* Appstore */ = {
			isa = XCBuildConfiguration;
			buildSettings = {
				BUNDLE_LOADER = "$(TEST_HOST)";
				CODE_SIGN_STYLE = Automatic;
				CURRENT_PROJECT_VERSION = 1;
				DEVELOPMENT_TEAM = L495W8F758;
				GENERATE_INFOPLIST_FILE = YES;
				IPHONEOS_DEPLOYMENT_TARGET = 16.0;
				MACOSX_DEPLOYMENT_TARGET = 15.1;
				MARKETING_VERSION = 1.0;
				PRODUCT_BUNDLE_IDENTIFIER = dev.repierre.riidaaTests;
				PRODUCT_NAME = "$(TARGET_NAME)";
				SDKROOT = auto;
				SUPPORTED_PLATFORMS = "iphoneos iphonesimulator macosx xros xrsimulator";
				SWIFT_EMIT_LOC_STRINGS = NO;
				SWIFT_VERSION = 5.0;
				TARGETED_DEVICE_FAMILY = "1,2,7";
				TEST_HOST = "$(BUILT_PRODUCTS_DIR)/riidaa.app/$(BUNDLE_EXECUTABLE_FOLDER_PATH)/riidaa";
				XROS_DEPLOYMENT_TARGET = 2.2;
			};
			name = Appstore;
		};
		AF5D3BB42E151C540050C5C3 /* Appstore */ = {
			isa = XCBuildConfiguration;
			buildSettings = {
				CODE_SIGN_STYLE = Automatic;
				CURRENT_PROJECT_VERSION = 1;
				DEVELOPMENT_TEAM = L495W8F758;
				GENERATE_INFOPLIST_FILE = YES;
				IPHONEOS_DEPLOYMENT_TARGET = 16.0;
				MACOSX_DEPLOYMENT_TARGET = 15.1;
				MARKETING_VERSION = 1.0;
				PRODUCT_BUNDLE_IDENTIFIER = dev.repierre.riidaaUITests;
				PRODUCT_NAME = "$(TARGET_NAME)";
				SDKROOT = auto;
				SUPPORTED_PLATFORMS = "iphoneos iphonesimulator macosx xros xrsimulator";
				SWIFT_EMIT_LOC_STRINGS = NO;
				SWIFT_VERSION = 5.0;
				TARGETED_DEVICE_FAMILY = "1,2,7";
				TEST_TARGET_NAME = riidaa;
				XROS_DEPLOYMENT_TARGET = 2.2;
			};
			name = Appstore;
		};
/* End XCBuildConfiguration section */

/* Begin XCConfigurationList section */
		AF3349012D5C5BB6001EE9C6 /* Build configuration list for PBXProject "riidaa" */ = {
			isa = XCConfigurationList;
			buildConfigurations = (
				AF33492B2D5C5BB7001EE9C6 /* Debug */,
				AF33492C2D5C5BB7001EE9C6 /* Release */,
				AF5D3BB12E151C540050C5C3 /* Appstore */,
			);
			defaultConfigurationIsVisible = 0;
			defaultConfigurationName = Release;
		};
		AF33492D2D5C5BB7001EE9C6 /* Build configuration list for PBXNativeTarget "riidaa" */ = {
			isa = XCConfigurationList;
			buildConfigurations = (
				AF33492E2D5C5BB7001EE9C6 /* Debug */,
				AF33492F2D5C5BB7001EE9C6 /* Release */,
				AF5D3BB22E151C540050C5C3 /* Appstore */,
			);
			defaultConfigurationIsVisible = 0;
			defaultConfigurationName = Release;
		};
		AF3349302D5C5BB7001EE9C6 /* Build configuration list for PBXNativeTarget "riidaaTests" */ = {
			isa = XCConfigurationList;
			buildConfigurations = (
				AF3349312D5C5BB7001EE9C6 /* Debug */,
				AF3349322D5C5BB7001EE9C6 /* Release */,
				AF5D3BB32E151C540050C5C3 /* Appstore */,
			);
			defaultConfigurationIsVisible = 0;
			defaultConfigurationName = Release;
		};
		AF3349332D5C5BB7001EE9C6 /* Build configuration list for PBXNativeTarget "riidaaUITests" */ = {
			isa = XCConfigurationList;
			buildConfigurations = (
				AF3349342D5C5BB7001EE9C6 /* Debug */,
				AF3349352D5C5BB7001EE9C6 /* Release */,
				AF5D3BB42E151C540050C5C3 /* Appstore */,
			);
			defaultConfigurationIsVisible = 0;
			defaultConfigurationName = Release;
		};
/* End XCConfigurationList section */

/* Begin XCLocalSwiftPackageReference section */
		AF3349872D5C895F001EE9C6 /* XCLocalSwiftPackageReference "Anilist" */ = {
			isa = XCLocalSwiftPackageReference;
			relativePath = Anilist;
		};
/* End XCLocalSwiftPackageReference section */

/* Begin XCRemoteSwiftPackageReference section */
		AF206C5D2D9E7237001544EE /* XCRemoteSwiftPackageReference "SQLite" */ = {
			isa = XCRemoteSwiftPackageReference;
			repositoryURL = "https://github.com/stephencelis/SQLite.swift";
			requirement = {
				kind = exactVersion;
				version = 0.15.3;
			};
		};
		AF33494A2D5C7413001EE9C6 /* XCRemoteSwiftPackageReference "apollo-ios" */ = {
			isa = XCRemoteSwiftPackageReference;
			repositoryURL = "https://github.com/apollographql/apollo-ios.git";
			requirement = {
				kind = exactVersion;
				version = 1.17.0;
			};
		};
		AFD6911B2D61FF9D001F8C04 /* XCRemoteSwiftPackageReference "ZIPFoundation" */ = {
			isa = XCRemoteSwiftPackageReference;
			repositoryURL = "https://github.com/weichsel/ZIPFoundation";
			requirement = {
				kind = exactVersion;
				version = 0.9.19;
			};
		};
		AFD691382D63BD26001F8C04 /* XCRemoteSwiftPackageReference "LazyPager" */ = {
			isa = XCRemoteSwiftPackageReference;
			repositoryURL = "https://github.com/gh123man/LazyPager";
			requirement = {
				kind = exactVersion;
				version = 1.1.7;
			};
		};
/* End XCRemoteSwiftPackageReference section */

/* Begin XCSwiftPackageProductDependency section */
		AF206C5E2D9E7237001544EE /* SQLite */ = {
			isa = XCSwiftPackageProductDependency;
			package = AF206C5D2D9E7237001544EE /* XCRemoteSwiftPackageReference "SQLite" */;
			productName = SQLite;
		};
		AF33494B2D5C7413001EE9C6 /* Apollo */ = {
			isa = XCSwiftPackageProductDependency;
			package = AF33494A2D5C7413001EE9C6 /* XCRemoteSwiftPackageReference "apollo-ios" */;
			productName = Apollo;
		};
		AF33494E2D5C7540001EE9C6 /* ApolloAPI */ = {
			isa = XCSwiftPackageProductDependency;
			package = AF33494A2D5C7413001EE9C6 /* XCRemoteSwiftPackageReference "apollo-ios" */;
			productName = ApolloAPI;
		};
		AF3349502D5C7545001EE9C6 /* ApolloSQLite */ = {
			isa = XCSwiftPackageProductDependency;
			package = AF33494A2D5C7413001EE9C6 /* XCRemoteSwiftPackageReference "apollo-ios" */;
			productName = ApolloSQLite;
		};
		AF3349852D5C892B001EE9C6 /* Anilist */ = {
			isa = XCSwiftPackageProductDependency;
			productName = Anilist;
		};
		AF3349882D5C895F001EE9C6 /* Anilist */ = {
			isa = XCSwiftPackageProductDependency;
			productName = Anilist;
		};
		AFD6911C2D61FF9D001F8C04 /* ZIPFoundation */ = {
			isa = XCSwiftPackageProductDependency;
			package = AFD6911B2D61FF9D001F8C04 /* XCRemoteSwiftPackageReference "ZIPFoundation" */;
			productName = ZIPFoundation;
		};
		AFD691392D63BD26001F8C04 /* LazyPager */ = {
			isa = XCSwiftPackageProductDependency;
			package = AFD691382D63BD26001F8C04 /* XCRemoteSwiftPackageReference "LazyPager" */;
			productName = LazyPager;
		};
/* End XCSwiftPackageProductDependency section */
	};
	rootObject = AF3348FE2D5C5BB6001EE9C6 /* Project object */;
}
